
Microsoft Visual Studio Solution File, Format Version 12.00
# Visual Studio Version 17
VisualStudioVersion = 17.9.34902.65
MinimumVisualStudioVersion = 10.0.40219.1
Project("{FAE04EC0-301F-11D3-BF4B-00C04F79EFBC}") = "TaskManagerAPI", "TaskManagerAPI.csproj", "{CC18B479-F1FB-4A7D-886C-F96D735A31C6}"
EndProject
Global
	GlobalSection(SolutionConfigurationPlatforms) = preSolution
		Debug|Any CPU = Debug|Any CPU
		Release|Any CPU = Release|Any CPU
	EndGlobalSection
	GlobalSection(ProjectConfigurationPlatforms) = postSolution
		{CC18B479-F1FB-4A7D-886C-F96D735A31C6}.Debug|Any CPU.ActiveCfg = Debug|Any CPU
		{CC18B479-F1FB-4A7D-886C-F96D735A31C6}.Debug|Any CPU.Build.0 = Debug|Any CPU
		{CC18B479-F1FB-4A7D-886C-F96D735A31C6}.Release|Any CPU.ActiveCfg = Release|Any CPU
		{CC18B479-F1FB-4A7D-886C-F96D735A31C6}.Release|Any CPU.Build.0 = Release|Any CPU
	EndGlobalSection
	GlobalSection(SolutionProperties) = preSolution
		HideSolutionNode = FALSE
	EndGlobalSection
	GlobalSection(ExtensibilityGlobals) = postSolution
		SolutionGuid = {A9C7B7B4-542B-49E6-8CFA-1A0A75570059}
	EndGlobalSection
EndGlobal
